{
  "name": "stytch-node-export-users",
  "version": "1.0.0",
  "lockfileVersion": 3,
  "requires": true,
  "packages": {
    "": {
      "name": "stytch-node-export-users",
      "version": "1.0.0",
      "license": "MIT",
      "dependencies": {
        "json2csv": "^6.0.0-alpha.2",
        "stytch": "^11.7.0"
      }
    },
    "node_modules/@streamparser/json": {
      "version": "0.0.6",
      "resolved": "https://registry.npmjs.org/@streamparser/json/-/json-0.0.6.tgz",
      "integrity": "sha512-vL9EVn/v+OhZ+Wcs6O4iKE9EUpwHUqHmCtNUMWjqp+6dr85+XPOSGTEsqYNq1Vn04uk9SWlOVmx9J48ggJVT2Q=="
    },
    "node_modules/commander": {
      "version": "6.2.1",
      "resolved": "https://registry.npmjs.org/commander/-/commander-6.2.1.tgz",
      "integrity": "sha512-U7VdrJFnJgo4xjrHpTzu0yrHPGImdsmD95ZlgYSEajAn2JKzDhDTPG9kBTefmObL2w/ngeZnilk+OV9CG3d7UA==",
      "engines": {
        "node": ">= 6"
      }
    },
    "node_modules/jose": {
      "version": "5.9.4",
      "resolved": "https://registry.npmjs.org/jose/-/jose-5.9.4.tgz",
      "integrity": "sha512-WBBl6au1qg6OHj67yCffCgFR3BADJBXN8MdRvCgJDuMv3driV2nHr7jdGvaKX9IolosAsn+M0XRArqLXUhyJHQ==",
      "funding": {
        "url": "https://github.com/sponsors/panva"
      }
    },
    "node_modules/json2csv": {
      "version": "6.0.0-alpha.2",
      "resolved": "https://registry.npmjs.org/json2csv/-/json2csv-6.0.0-alpha.2.tgz",
      "integrity": "sha512-nJ3oP6QxN8z69IT1HmrJdfVxhU1kLTBVgMfRnNZc37YEY+jZ4nU27rBGxT4vaqM/KUCavLRhntmTuBFqZLBUcA==",
      "dependencies": {
        "@streamparser/json": "^0.0.6",
        "commander": "^6.2.0",
        "lodash.get": "^4.4.2"
      },
      "bin": {
        "json2csv": "bin/json2csv.js"
      },
      "engines": {
        "node": ">= 12",
        "npm": ">= 6.13.0"
      }
    },
    "node_modules/lodash.get": {
      "version": "4.4.2",
      "resolved": "https://registry.npmjs.org/lodash.get/-/lodash.get-4.4.2.tgz",
      "integrity": "sha512-z+Uw/vLuy6gQe8cfaFWD7p0wVv8fJl3mbzXh33RS+0oW2wvUqiRXiQ69gLWSLpgB5/6sU+r6BlQR0MBILadqTQ=="
    },
    "node_modules/stytch": {
      "version": "11.7.0",
      "resolved": "https://registry.npmjs.org/stytch/-/stytch-11.7.0.tgz",
      "integrity": "sha512-8vbHpgj4hRW9HIN938X1grM7l+q8Wibbe84xn/9WJ8tdCuQXB+iJnbclgMe9EsA/GJQODBD1cVz0jTfIEISpBw==",
      "dependencies": {
        "jose": "^5.6.3",
        "undici": "^6.19.5"
      },
      "engines": {
        "node": ">= 18.0.0"
      }
    },
    "node_modules/undici": {
      "version": "6.20.1",
      "resolved": "https://registry.npmjs.org/undici/-/undici-6.20.1.tgz",
      "integrity": "sha512-AjQF1QsmqfJys+LXfGTNum+qw4S88CojRInG/6t31W/1fk6G59s92bnAvGz5Cmur+kQv2SURXEvvudLmbrE8QA==",
      "engines": {
        "node": ">=18.17"
      }
    }
  }
}
