{
  "name": "stytch-node-export-users",
  "version": "1.0.0",
  "lockfileVersion": 3,
  "requires": true,
  "packages": {
    "": {
      "name": "stytch-node-export-users",
      "version": "1.0.0",
      "license": "MIT",
      "dependencies": {
        "@json2csv/plainjs": "^7.0.6",
        "stytch": "^11.7.0"
      }
    },
    "node_modules/@json2csv/formatters": {
      "version": "7.0.6",
      "resolved": "https://registry.npmjs.org/@json2csv/formatters/-/formatters-7.0.6.tgz",
      "integrity": "sha512-hjIk1H1TR4ydU5ntIENEPgoMGW+Q7mJ+537sDFDbsk+Y3EPl2i4NfFVjw0NJRgT+ihm8X30M67mA8AS6jPidSA=="
    },
    "node_modules/@json2csv/plainjs": {
      "version": "7.0.6",
      "resolved": "https://registry.npmjs.org/@json2csv/plainjs/-/plainjs-7.0.6.tgz",
      "integrity": "sha512-4Md7RPDCSYpmW1HWIpWBOqCd4vWfIqm53S3e/uzQ62iGi7L3r34fK/8nhOMEe+/eVfCx8+gdSCt1d74SlacQHw==",
      "dependencies": {
        "@json2csv/formatters": "^7.0.6",
        "@streamparser/json": "^0.0.20"
      }
    },
    "node_modules/@streamparser/json": {
      "version": "0.0.20",
      "resolved": "https://registry.npmjs.org/@streamparser/json/-/json-0.0.20.tgz",
      "integrity": "sha512-VqAAkydywPpkw63WQhPVKCD3SdwXuihCUVZbbiY3SfSTGQyHmwRoq27y4dmJdZuJwd5JIlQoMPyGvMbUPY0RKQ=="
    },
    "node_modules/jose": {
      "version": "5.9.4",
      "resolved": "https://registry.npmjs.org/jose/-/jose-5.9.4.tgz",
      "integrity": "sha512-WBBl6au1qg6OHj67yCffCgFR3BADJBXN8MdRvCgJDuMv3driV2nHr7jdGvaKX9IolosAsn+M0XRArqLXUhyJHQ==",
      "funding": {
        "url": "https://github.com/sponsors/panva"
      }
    },
    "node_modules/stytch": {
      "version": "11.7.0",
      "resolved": "https://registry.npmjs.org/stytch/-/stytch-11.7.0.tgz",
      "integrity": "sha512-8vbHpgj4hRW9HIN938X1grM7l+q8Wibbe84xn/9WJ8tdCuQXB+iJnbclgMe9EsA/GJQODBD1cVz0jTfIEISpBw==",
      "dependencies": {
        "jose": "^5.6.3",
        "undici": "^6.19.5"
      },
      "engines": {
        "node": ">= 18.0.0"
      }
    },
    "node_modules/undici": {
      "version": "6.21.1",
      "resolved": "https://registry.npmjs.org/undici/-/undici-6.21.1.tgz",
      "integrity": "sha512-q/1rj5D0/zayJB2FraXdaWxbhWiNKDvu8naDT2dl1yTlvJp4BLtOcp2a5BvgGNQpYYJzau7tf1WgKv3b+7mqpQ==",
      "license": "MIT",
      "engines": {
        "node": ">=18.17"
      }
    }
  }
}
